Microsoft Visual Studio Solution File, Format Version 10.00
# Visual Studio 2008
Project("{8BC9CEB8-8B4A-11D0-8D11-00A0C91BC942}") = "splines", "splines\Splines.vcproj", "{DBAF2C53-3858-455D-A1AE-3FC093515314}"
EndProject
Project("{8BC9CEB8-8B4A-11D0-8D11-00A0C91BC942}") = "botlib", "botlib\botlib.vcproj", "{A410161F-AE9F-485D-A01F-5294891430A6}"
EndProject
Project("{8BC9CEB8-8B4A-11D0-8D11-00A0C91BC942}") = "cgame", "cgame\cgame.vcproj", "{C878E295-CB82-4B40-8ECF-5CE5525466FA}"
EndProject
Project("{8BC9CEB8-8B4A-11D0-8D11-00A0C91BC942}") = "game", "game\game.vcproj", "{F9EE10DA-2404-4154-B904-F93C936C040A}"
EndProject
Project("{8BC9CEB8-8B4A-11D0-8D11-00A0C91BC942}") = "quake3", "quake3.vcproj", "{81CB51C4-B434-4E12-B69B-BAEE102F2852}"
	ProjectSection(ProjectDependencies) = postProject
		{A410161F-AE9F-485D-A01F-5294891430A6} = {A410161F-AE9F-485D-A01F-5294891430A6}
		{DBAF2C53-3858-455D-A1AE-3FC093515314} = {DBAF2C53-3858-455D-A1AE-3FC093515314}
		{AB424155-FBED-4D8D-B007-5B6CF93EA395} = {AB424155-FBED-4D8D-B007-5B6CF93EA395}
	EndProjectSection
EndProject
Project("{8BC9CEB8-8B4A-11D0-8D11-00A0C91BC942}") = "renderer", "renderer\renderer.vcproj", "{AB424155-FBED-4D8D-B007-5B6CF93EA395}"
EndProject
Project("{8BC9CEB8-8B4A-11D0-8D11-00A0C91BC942}") = "ui", "ui\ui.vcproj", "{A8EAC38E-C7DA-42F8-811D-77FD092B9D19}"
EndProject
Global
	GlobalSection(SolutionConfigurationPlatforms) = preSolution
		Debug|Win32 = Debug|Win32
		Profile|Win32 = Profile|Win32
		Release SSE|Win32 = Release SSE|Win32
		Release SSE2|Win32 = Release SSE2|Win32
	EndGlobalSection
	GlobalSection(ProjectConfigurationPlatforms) = postSolution
		{DBAF2C53-3858-455D-A1AE-3FC093515314}.Debug|Win32.ActiveCfg = Debug|Win32
		{DBAF2C53-3858-455D-A1AE-3FC093515314}.Debug|Win32.Build.0 = Debug|Win32
		{DBAF2C53-3858-455D-A1AE-3FC093515314}.Profile|Win32.ActiveCfg = Debug|Win32
		{DBAF2C53-3858-455D-A1AE-3FC093515314}.Profile|Win32.Build.0 = Debug|Win32
		{DBAF2C53-3858-455D-A1AE-3FC093515314}.Release SSE|Win32.ActiveCfg = Release SEE|Win32
		{DBAF2C53-3858-455D-A1AE-3FC093515314}.Release SSE|Win32.Build.0 = Release SEE|Win32
		{DBAF2C53-3858-455D-A1AE-3FC093515314}.Release SSE2|Win32.ActiveCfg = Release SSE2|Win32
		{DBAF2C53-3858-455D-A1AE-3FC093515314}.Release SSE2|Win32.Build.0 = Release SSE2|Win32
		{A410161F-AE9F-485D-A01F-5294891430A6}.Debug|Win32.ActiveCfg = Debug|Win32
		{A410161F-AE9F-485D-A01F-5294891430A6}.Debug|Win32.Build.0 = Debug|Win32
		{A410161F-AE9F-485D-A01F-5294891430A6}.Profile|Win32.ActiveCfg = Debug|Win32
		{A410161F-AE9F-485D-A01F-5294891430A6}.Profile|Win32.Build.0 = Debug|Win32
		{A410161F-AE9F-485D-A01F-5294891430A6}.Release SSE|Win32.ActiveCfg = Release SSE|Win32
		{A410161F-AE9F-485D-A01F-5294891430A6}.Release SSE|Win32.Build.0 = Release SSE|Win32
		{A410161F-AE9F-485D-A01F-5294891430A6}.Release SSE2|Win32.ActiveCfg = Release SSE2|Win32
		{A410161F-AE9F-485D-A01F-5294891430A6}.Release SSE2|Win32.Build.0 = Release SSE2|Win32
		{C878E295-CB82-4B40-8ECF-5CE5525466FA}.Debug|Win32.ActiveCfg = Profile|Win32
		{C878E295-CB82-4B40-8ECF-5CE5525466FA}.Debug|Win32.Build.0 = Profile|Win32
		{C878E295-CB82-4B40-8ECF-5CE5525466FA}.Profile|Win32.ActiveCfg = Profile|Win32
		{C878E295-CB82-4B40-8ECF-5CE5525466FA}.Profile|Win32.Build.0 = Profile|Win32
		{C878E295-CB82-4B40-8ECF-5CE5525466FA}.Release SSE|Win32.ActiveCfg = Release SSE|Win32
		{C878E295-CB82-4B40-8ECF-5CE5525466FA}.Release SSE|Win32.Build.0 = Release SSE|Win32
		{C878E295-CB82-4B40-8ECF-5CE5525466FA}.Release SSE2|Win32.ActiveCfg = Release SSE2|Win32
		{C878E295-CB82-4B40-8ECF-5CE5525466FA}.Release SSE2|Win32.Build.0 = Release SSE2|Win32
		{F9EE10DA-2404-4154-B904-F93C936C040A}.Debug|Win32.ActiveCfg = Release SSE|Win32
		{F9EE10DA-2404-4154-B904-F93C936C040A}.Debug|Win32.Build.0 = Release SSE|Win32
		{F9EE10DA-2404-4154-B904-F93C936C040A}.Profile|Win32.ActiveCfg = Release SSE2|Win32
		{F9EE10DA-2404-4154-B904-F93C936C040A}.Profile|Win32.Build.0 = Release SSE2|Win32
		{F9EE10DA-2404-4154-B904-F93C936C040A}.Release SSE|Win32.ActiveCfg = Release SSE|Win32
		{F9EE10DA-2404-4154-B904-F93C936C040A}.Release SSE|Win32.Build.0 = Release SSE|Win32
		{F9EE10DA-2404-4154-B904-F93C936C040A}.Release SSE2|Win32.ActiveCfg = Release SSE2|Win32
		{F9EE10DA-2404-4154-B904-F93C936C040A}.Release SSE2|Win32.Build.0 = Release SSE2|Win32
		{81CB51C4-B434-4E12-B69B-BAEE102F2852}.Debug|Win32.ActiveCfg = Release SSE|Win32
		{81CB51C4-B434-4E12-B69B-BAEE102F2852}.Debug|Win32.Build.0 = Release SSE|Win32
		{81CB51C4-B434-4E12-B69B-BAEE102F2852}.Profile|Win32.ActiveCfg = Release SSE|Win32
		{81CB51C4-B434-4E12-B69B-BAEE102F2852}.Profile|Win32.Build.0 = Release SSE|Win32
		{81CB51C4-B434-4E12-B69B-BAEE102F2852}.Release SSE|Win32.ActiveCfg = Release SSE|Win32
		{81CB51C4-B434-4E12-B69B-BAEE102F2852}.Release SSE|Win32.Build.0 = Release SSE|Win32
		{81CB51C4-B434-4E12-B69B-BAEE102F2852}.Release SSE2|Win32.ActiveCfg = Release SSE2|Win32
		{81CB51C4-B434-4E12-B69B-BAEE102F2852}.Release SSE2|Win32.Build.0 = Release SSE2|Win32
		{AB424155-FBED-4D8D-B007-5B6CF93EA395}.Debug|Win32.ActiveCfg = Release SSE|Win32
		{AB424155-FBED-4D8D-B007-5B6CF93EA395}.Debug|Win32.Build.0 = Release SSE|Win32
		{AB424155-FBED-4D8D-B007-5B6CF93EA395}.Profile|Win32.ActiveCfg = Release SSE2|Win32
		{AB424155-FBED-4D8D-B007-5B6CF93EA395}.Profile|Win32.Build.0 = Release SSE2|Win32
		{AB424155-FBED-4D8D-B007-5B6CF93EA395}.Release SSE|Win32.ActiveCfg = Release SSE|Win32
		{AB424155-FBED-4D8D-B007-5B6CF93EA395}.Release SSE|Win32.Build.0 = Release SSE|Win32
		{AB424155-FBED-4D8D-B007-5B6CF93EA395}.Release SSE2|Win32.ActiveCfg = Release SSE2|Win32
		{AB424155-FBED-4D8D-B007-5B6CF93EA395}.Release SSE2|Win32.Build.0 = Release SSE2|Win32
		{A8EAC38E-C7DA-42F8-811D-77FD092B9D19}.Debug|Win32.ActiveCfg = Release SSE|Win32
		{A8EAC38E-C7DA-42F8-811D-77FD092B9D19}.Debug|Win32.Build.0 = Release SSE|Win32
		{A8EAC38E-C7DA-42F8-811D-77FD092B9D19}.Profile|Win32.ActiveCfg = Release SSE|Win32
		{A8EAC38E-C7DA-42F8-811D-77FD092B9D19}.Profile|Win32.Build.0 = Release SSE|Win32
		{A8EAC38E-C7DA-42F8-811D-77FD092B9D19}.Release SSE|Win32.ActiveCfg = Release SSE|Win32
		{A8EAC38E-C7DA-42F8-811D-77FD092B9D19}.Release SSE|Win32.Build.0 = Release SSE|Win32
		{A8EAC38E-C7DA-42F8-811D-77FD092B9D19}.Release SSE2|Win32.ActiveCfg = Release SSE2|Win32
		{A8EAC38E-C7DA-42F8-811D-77FD092B9D19}.Release SSE2|Win32.Build.0 = Release SSE2|Win32
	EndGlobalSection
	GlobalSection(SolutionProperties) = preSolution
		HideSolutionNode = FALSE
	EndGlobalSection
EndGlobal
